// !$*UTF8*$!
{
	archiveVersion = 1;
	classes = {
	};
	objectVersion = 46;
	objects = {

/* Begin PBXBuildFile section */
		34E5E71B1ABABB7600AB4943 /* main.m in Sources */ = {isa = PBXBuildFile; fileRef = 34E5E71A1ABABB7600AB4943 /* main.m */; };
		34E5E71E1ABABB7600AB4943 /* AppDelegate.m in Sources */ = {isa = PBXBuildFile; fileRef = 34E5E71D1ABABB7600AB4943 /* AppDelegate.m */; };
		34E5E7201ABABB7600AB4943 /* Images.xcassets in Resources */ = {isa = PBXBuildFile; fileRef = 34E5E71F1ABABB7600AB4943 /* Images.xcassets */; };
		34E5E7231ABABB7600AB4943 /* LaunchScreen.xib in Resources */ = {isa = PBXBuildFile; fileRef = 34E5E7211ABABB7600AB4943 /* LaunchScreen.xib */; };
		34E5E72F1ABABB7600AB4943 /* LessonPackProTests.m in Sources */ = {isa = PBXBuildFile; fileRef = 34E5E72E1ABABB7600AB4943 /* LessonPackProTests.m */; };
		34E5E73A1ABABC1500AB4943 /* LoginView.m in Sources */ = {isa = PBXBuildFile; fileRef = 34E5E7391ABABC1500AB4943 /* LoginView.m */; };
		34E5E73E1ABABD1D00AB4943 /* as.png in Resources */ = {isa = PBXBuildFile; fileRef = 34E5E73D1ABABD1C00AB4943 /* as.png */; };
		34E5E7411ABABE1000AB4943 /* LTView.m in Sources */ = {isa = PBXBuildFile; fileRef = 34E5E7401ABABE1000AB4943 /* LTView.m */; };
		34E5E7441ABAC3C200AB4943 /* LoginViewPro.m in Sources */ = {isa = PBXBuildFile; fileRef = 34E5E7431ABAC3C200AB4943 /* LoginViewPro.m */; };
/* End PBXBuildFile section */

/* Begin PBXContainerItemProxy section */
		34E5E7291ABABB7600AB4943 /* PBXContainerItemProxy */ = {
			isa = PBXContainerItemProxy;
			containerPortal = 34E5E70D1ABABB7600AB4943 /* Project object */;
			proxyType = 1;
			remoteGlobalIDString = 34E5E7141ABABB7600AB4943;
			remoteInfo = LessonPackPro;
		};
/* End PBXContainerItemProxy section */

/* Begin PBXFileReference section */
		34E5E7151ABABB7600AB4943 /* LessonPackPro.app */ = {isa = PBXFileReference; explicitFileType = wrapper.application; includeInIndex = 0; path = LessonPackPro.app; sourceTree = BUILT_PRODUCTS_DIR; };
		34E5E7191ABABB7600AB4943 /* Info.plist */ = {isa = PBXFileReference; lastKnownFileType = text.plist.xml; path = Info.plist; sourceTree = "<group>"; };
		34E5E71A1ABABB7600AB4943 /* main.m */ = {isa = PBXFileReference; lastKnownFileType = sourcecode.c.objc; path = main.m; sourceTree = "<group>"; };
		34E5E71C1ABABB7600AB4943 /* AppDelegate.h */ = {isa = PBXFileReference; lastKnownFileType = sourcecode.c.h; path = AppDelegate.h; sourceTree = "<group>"; };
		34E5E71D1ABABB7600AB4943 /* AppDelegate.m */ = {isa = PBXFileReference; lastKnownFileType = sourcecode.c.objc; path = AppDelegate.m; sourceTree = "<group>"; };
		34E5E71F1ABABB7600AB4943 /* Images.xcassets */ = {isa = PBXFileReference; lastKnownFileType = folder.assetcatalog; path = Images.xcassets; sourceTree = "<group>"; };
		34E5E7221ABABB7600AB4943 /* Base */ = {isa = PBXFileReference; lastKnownFileType = file.xib; name = Base; path = Base.lproj/LaunchScreen.xib; sourceTree = "<group>"; };
		34E5E7281ABABB7600AB4943 /* LessonPackProTests.xctest */ = {isa = PBXFileReference; explicitFileType = wrapper.cfbundle; includeInIndex = 0; path = LessonPackProTests.xctest; sourceTree = BUILT_PRODUCTS_DIR; };
		34E5E72D1ABABB7600AB4943 /* Info.plist */ = {isa = PBXFileReference; lastKnownFileType = text.plist.xml; path = Info.plist; sourceTree = "<group>"; };
		34E5E72E1ABABB7600AB4943 /* LessonPackProTests.m */ = {isa = PBXFileReference; lastKnownFileType = sourcecode.c.objc; path = LessonPackProTests.m; sourceTree = "<group>"; };
		34E5E7381ABABC1500AB4943 /* LoginView.h */ = {isa = PBXFileReference; fileEncoding = 4; lastKnownFileType = sourcecode.c.h; path = LoginView.h; sourceTree = "<group>"; };
		34E5E7391ABABC1500AB4943 /* LoginView.m */ = {isa = PBXFileReference; fileEncoding = 4; lastKnownFileType = sourcecode.c.objc; path = LoginView.m; sourceTree = "<group>"; };
		34E5E73D1ABABD1C00AB4943 /* as.png */ = {isa = PBXFileReference; lastKnownFileType = image.png; path = as.png; sourceTree = "<group>"; };
		34E5E73F1ABABE1000AB4943 /* LTView.h */ = {isa = PBXFileReference; fileEncoding = 4; lastKnownFileType = sourcecode.c.h; path = LTView.h; sourceTree = "<group>"; };
		34E5E7401ABABE1000AB4943 /* LTView.m */ = {isa = PBXFileReference; fileEncoding = 4; lastKnownFileType = sourcecode.c.objc; path = LTView.m; sourceTree = "<group>"; };
		34E5E7421ABAC3C200AB4943 /* LoginViewPro.h */ = {isa = PBXFileReference; fileEncoding = 4; lastKnownFileType = sourcecode.c.h; path = LoginViewPro.h; sourceTree = "<group>"; };
		34E5E7431ABAC3C200AB4943 /* LoginViewPro.m */ = {isa = PBXFileReference; fileEncoding = 4; lastKnownFileType = sourcecode.c.objc; path = LoginViewPro.m; sourceTree = "<group>"; };
/* End PBXFileReference section */

/* Begin PBXFrameworksBuildPhase section */
		34E5E7121ABABB7600AB4943 /* Frameworks */ = {
			isa = PBXFrameworksBuildPhase;
			buildActionMask = 2147483647;
			files = (
			);
			runOnlyForDeploymentPostprocessing = 0;
		};
		34E5E7251ABABB7600AB4943 /* Frameworks */ = {
			isa = PBXFrameworksBuildPhase;
			buildActionMask = 2147483647;
			files = (
			);
			runOnlyForDeploymentPostprocessing = 0;
		};
/* End PBXFrameworksBuildPhase section */

/* Begin PBXGroup section */
		34E5E70C1ABABB7600AB4943 = {
			isa = PBXGroup;
			children = (
				34E5E7171ABABB7600AB4943 /* LessonPackPro */,
				34E5E72B1ABABB7600AB4943 /* LessonPackProTests */,
				34E5E7161ABABB7600AB4943 /* Products */,
			);
			sourceTree = "<group>";
		};
		34E5E7161ABABB7600AB4943 /* Products */ = {
			isa = PBXGroup;
			children = (
				34E5E7151ABABB7600AB4943 /* LessonPackPro.app */,
				34E5E7281ABABB7600AB4943 /* LessonPackProTests.xctest */,
			);
			name = Products;
			sourceTree = "<group>";
		};
		34E5E7171ABABB7600AB4943 /* LessonPackPro */ = {
			isa = PBXGroup;
			children = (
				34E5E71C1ABABB7600AB4943 /* AppDelegate.h */,
				34E5E71D1ABABB7600AB4943 /* AppDelegate.m */,
				34E5E7381ABABC1500AB4943 /* LoginView.h */,
				34E5E7391ABABC1500AB4943 /* LoginView.m */,
				34E5E73F1ABABE1000AB4943 /* LTView.h */,
				34E5E7401ABABE1000AB4943 /* LTView.m */,
				34E5E7421ABAC3C200AB4943 /* LoginViewPro.h */,
				34E5E7431ABAC3C200AB4943 /* LoginViewPro.m */,
				34E5E73D1ABABD1C00AB4943 /* as.png */,
				34E5E71F1ABABB7600AB4943 /* Images.xcassets */,
				34E5E7211ABABB7600AB4943 /* LaunchScreen.xib */,
				34E5E7181ABABB7600AB4943 /* Supporting Files */,
			);
			path = LessonPackPro;
			sourceTree = "<group>";
		};
		34E5E7181ABABB7600AB4943 /* Supporting Files */ = {
			isa = PBXGroup;
			children = (
				34E5E7191ABABB7600AB4943 /* Info.plist */,
				34E5E71A1ABABB7600AB4943 /* main.m */,
			);
			name = "Supporting Files";
			sourceTree = "<group>";
		};
		34E5E72B1ABABB7600AB4943 /* LessonPackProTests */ = {
			isa = PBXGroup;
			children = (
				34E5E72E1ABABB7600AB4943 /* LessonPackProTests.m */,
				34E5E72C1ABABB7600AB4943 /* Supporting Files */,
			);
			path = LessonPackProTests;
			sourceTree = "<group>";
		};
		34E5E72C1ABABB7600AB4943 /* Supporting Files */ = {
			isa = PBXGroup;
			children = (
				34E5E72D1ABABB7600AB4943 /* Info.plist */,
			);
			name = "Supporting Files";
			sourceTree = "<group>";
		};
/* End PBXGroup section */

/* Begin PBXNativeTarget section */
		34E5E7141ABABB7600AB4943 /* LessonPackPro */ = {
			isa = PBXNativeTarget;
			buildConfigurationList = 34E5E7321ABABB7600AB4943 /* Build configuration list for PBXNativeTarget "LessonPackPro" */;
			buildPhases = (
				34E5E7111ABABB7600AB4943 /* Sources */,
				34E5E7121ABABB7600AB4943 /* Frameworks */,
				34E5E7131ABABB7600AB4943 /* Resources */,
			);
			buildRules = (
			);
			dependencies = (
			);
			name = LessonPackPro;
			productName = LessonPackPro;
			productReference = 34E5E7151ABABB7600AB4943 /* LessonPackPro.app */;
			productType = "com.apple.product-type.application";
		};
		34E5E7271ABABB7600AB4943 /* LessonPackProTests */ = {
			isa = PBXNativeTarget;
			buildConfigurationList = 34E5E7351ABABB7600AB4943 /* Build configuration list for PBXNativeTarget "LessonPackProTests" */;
			buildPhases = (
				34E5E7241ABABB7600AB4943 /* Sources */,
				34E5E7251ABABB7600AB4943 /* Frameworks */,
				34E5E7261ABABB7600AB4943 /* Resources */,
			);
			buildRules = (
			);
			dependencies = (
				34E5E72A1ABABB7600AB4943 /* PBXTargetDependency */,
			);
			name = LessonPackProTests;
			productName = LessonPackProTests;
			productReference = 34E5E7281ABABB7600AB4943 /* LessonPackProTests.xctest */;
			productType = "com.apple.product-type.bundle.unit-test";
		};
/* End PBXNativeTarget section */

/* Begin PBXProject section */
		34E5E70D1ABABB7600AB4943 /* Project object */ = {
			isa = PBXProject;
			attributes = {
				LastUpgradeCheck = 0610;
				ORGANIZATIONNAME = lanouhn;
				TargetAttributes = {
					34E5E7141ABABB7600AB4943 = {
						CreatedOnToolsVersion = 6.1;
					};
					34E5E7271ABABB7600AB4943 = {
						CreatedOnToolsVersion = 6.1;
						TestTargetID = 34E5E7141ABABB7600AB4943;
					};
				};
			};
			buildConfigurationList = 34E5E7101ABABB7600AB4943 /* Build configuration list for PBXProject "LessonPackPro" */;
			compatibilityVersion = "Xcode 3.2";
			developmentRegion = English;
			hasScannedForEncodings = 0;
			knownRegions = (
				en,
				Base,
			);
			mainGroup = 34E5E70C1ABABB7600AB4943;
			productRefGroup = 34E5E7161ABABB7600AB4943 /* Products */;
			projectDirPath = "";
			projectRoot = "";
			targets = (
				34E5E7141ABABB7600AB4943 /* LessonPackPro */,
				34E5E7271ABABB7600AB4943 /* LessonPackProTests */,
			);
		};
/* End PBXProject section */

/* Begin PBXResourcesBuildPhase section */
		34E5E7131ABABB7600AB4943 /* Resources */ = {
			isa = PBXResourcesBuildPhase;
			buildActionMask = 2147483647;
			files = (
				34E5E7231ABABB7600AB4943 /* LaunchScreen.xib in Resources */,
				34E5E73E1ABABD1D00AB4943 /* as.png in Resources */,
				34E5E7201ABABB7600AB4943 /* Images.xcassets in Resources */,
			);
			runOnlyForDeploymentPostprocessing = 0;
		};
		34E5E7261ABABB7600AB4943 /* Resources */ = {
			isa = PBXResourcesBuildPhase;
			buildActionMask = 2147483647;
			files = (
			);
			runOnlyForDeploymentPostprocessing = 0;
		};
/* End PBXResourcesBuildPhase section */

/* Begin PBXSourcesBuildPhase section */
		34E5E7111ABABB7600AB4943 /* Sources */ = {
			isa = PBXSourcesBuildPhase;
			buildActionMask = 2147483647;
			files = (
				34E5E73A1ABABC1500AB4943 /* LoginView.m in Sources */,
				34E5E71E1ABABB7600AB4943 /* AppDelegate.m in Sources */,
				34E5E7411ABABE1000AB4943 /* LTView.m in Sources */,
				34E5E71B1ABABB7600AB4943 /* main.m in Sources */,
				34E5E7441ABAC3C200AB4943 /* LoginViewPro.m in Sources */,
			);
			runOnlyForDeploymentPostprocessing = 0;
		};
		34E5E7241ABABB7600AB4943 /* Sources */ = {
			isa = PBXSourcesBuildPhase;
			buildActionMask = 2147483647;
			files = (
				34E5E72F1ABABB7600AB4943 /* LessonPackProTests.m in Sources */,
			);
			runOnlyForDeploymentPostprocessing = 0;
		};
/* End PBXSourcesBuildPhase section */

/* Begin PBXTargetDependency section */
		34E5E72A1ABABB7600AB4943 /* PBXTargetDependency */ = {
			isa = PBXTargetDependency;
			target = 34E5E7141ABABB7600AB4943 /* LessonPackPro */;
			targetProxy = 34E5E7291ABABB7600AB4943 /* PBXContainerItemProxy */;
		};
/* End PBXTargetDependency section */

/* Begin PBXVariantGroup section */
		34E5E7211ABABB7600AB4943 /* LaunchScreen.xib */ = {
			isa = PBXVariantGroup;
			children = (
				34E5E7221ABABB7600AB4943 /* Base */,
			);
			name = LaunchScreen.xib;
			sourceTree = "<group>";
		};
/* End PBXVariantGroup section */

/* Begin XCBuildConfiguration section */
		34E5E7301ABABB7600AB4943 /* Debug */ = {
			isa = XCBuildConfiguration;
			buildSettings = {
				ALWAYS_SEARCH_USER_PATHS = NO;
				CLANG_CXX_LANGUAGE_STANDARD = "gnu++0x";
				CLANG_CXX_LIBRARY = "libc++";
				CLANG_ENABLE_MODULES = YES;
				CLANG_ENABLE_OBJC_ARC = YES;
				CLANG_WARN_BOOL_CONVERSION = YES;
				CLANG_WARN_CONSTANT_CONVERSION = YES;
				CLANG_WARN_DIRECT_OBJC_ISA_USAGE = YES_ERROR;
				CLANG_WARN_EMPTY_BODY = YES;
				CLANG_WARN_ENUM_CONVERSION = YES;
				CLANG_WARN_INT_CONVERSION = YES;
				CLANG_WARN_OBJC_ROOT_CLASS = YES_ERROR;
				CLANG_WARN_UNREACHABLE_CODE = YES;
				CLANG_WARN__DUPLICATE_METHOD_MATCH = YES;
				"CODE_SIGN_IDENTITY[sdk=iphoneos*]" = "iPhone Developer";
				COPY_PHASE_STRIP = NO;
				ENABLE_STRICT_OBJC_MSGSEND = YES;
				GCC_C_LANGUAGE_STANDARD = gnu99;
				GCC_DYNAMIC_NO_PIC = NO;
				GCC_OPTIMIZATION_LEVEL = 0;
				GCC_PREPROCESSOR_DEFINITIONS = (
					"DEBUG=1",
					"$(inherited)",
				);
				GCC_SYMBOLS_PRIVATE_EXTERN = NO;
				GCC_WARN_64_TO_32_BIT_CONVERSION = YES;
				GCC_WARN_ABOUT_RETURN_TYPE = YES_ERROR;
				GCC_WARN_UNDECLARED_SELECTOR = YES;
				GCC_WARN_UNINITIALIZED_AUTOS = YES_AGGRESSIVE;
				GCC_WARN_UNUSED_FUNCTION = YES;
				GCC_WARN_UNUSED_VARIABLE = YES;
				IPHONEOS_DEPLOYMENT_TARGET = 8.1;
				MTL_ENABLE_DEBUG_INFO = YES;
				ONLY_ACTIVE_ARCH = YES;
				SDKROOT = iphoneos;
			};
			name = Debug;
		};
		34E5E7311ABABB7600AB4943 /* Release */ = {
			isa = XCBuildConfiguration;
			buildSettings = {
				ALWAYS_SEARCH_USER_PATHS = NO;
				CLANG_CXX_LANGUAGE_STANDARD = "gnu++0x";
				CLANG_CXX_LIBRARY = "libc++";
				CLANG_ENABLE_MODULES = YES;
				CLANG_ENABLE_OBJC_ARC = YES;
				CLANG_WARN_BOOL_CONVERSION = YES;
				CLANG_WARN_CONSTANT_CONVERSION = YES;
				CLANG_WARN_DIRECT_OBJC_ISA_USAGE = YES_ERROR;
				CLANG_WARN_EMPTY_BODY = YES;
				CLANG_WARN_ENUM_CONVERSION = YES;
				CLANG_WARN_INT_CONVERSION = YES;
				CLANG_WARN_OBJC_ROOT_CLASS = YES_ERROR;
				CLANG_WARN_UNREACHABLE_CODE = YES;
				CLANG_WARN__DUPLICATE_METHOD_MATCH = YES;
				"CODE_SIGN_IDENTITY[sdk=iphoneos*]" = "iPhone Developer";
				COPY_PHASE_STRIP = YES;
				ENABLE_NS_ASSERTIONS = NO;
				ENABLE_STRICT_OBJC_MSGSEND = YES;
				GCC_C_LANGUAGE_STANDARD = gnu99;
				GCC_WARN_64_TO_32_BIT_CONVERSION = YES;
				GCC_WARN_ABOUT_RETURN_TYPE = YES_ERROR;
				GCC_WARN_UNDECLARED_SELECTOR = YES;
				GCC_WARN_UNINITIALIZED_AUTOS = YES_AGGRESSIVE;
				GCC_WARN_UNUSED_FUNCTION = YES;
				GCC_WARN_UNUSED_VARIABLE = YES;
				IPHONEOS_DEPLOYMENT_TARGET = 8.1;
				MTL_ENABLE_DEBUG_INFO = NO;
				SDKROOT = iphoneos;
				VALIDATE_PRODUCT = YES;
			};
			name = Release;
		};
		34E5E7331ABABB7600AB4943 /* Debug */ = {
			isa = XCBuildConfiguration;
			buildSettings = {
				ASSETCATALOG_COMPILER_APPICON_NAME = AppIcon;
				CLANG_ENABLE_OBJC_ARC = NO;
				INFOPLIST_FILE = LessonPackPro/Info.plist;
				LD_RUNPATH_SEARCH_PATHS = "$(inherited) @executable_path/Frameworks";
				PRODUCT_NAME = "$(TARGET_NAME)";
			};
			name = Debug;
		};
		34E5E7341ABABB7600AB4943 /* Release */ = {
			isa = XCBuildConfiguration;
			buildSettings = {
				ASSETCATALOG_COMPILER_APPICON_NAME = AppIcon;
				CLANG_ENABLE_OBJC_ARC = NO;
				INFOPLIST_FILE = LessonPackPro/Info.plist;
				LD_RUNPATH_SEARCH_PATHS = "$(inherited) @executable_path/Frameworks";
				PRODUCT_NAME = "$(TARGET_NAME)";
			};
			name = Release;
		};
		34E5E7361ABABB7600AB4943 /* Debug */ = {
			isa = XCBuildConfiguration;
			buildSettings = {
				BUNDLE_LOADER = "$(TEST_HOST)";
				FRAMEWORK_SEARCH_PATHS = (
					"$(SDKROOT)/Developer/Library/Frameworks",
					"$(inherited)",
				);
				GCC_PREPROCESSOR_DEFINITIONS = (
					"DEBUG=1",
					"$(inherited)",
				);
				INFOPLIST_FILE = LessonPackProTests/Info.plist;
				LD_RUNPATH_SEARCH_PATHS = "$(inherited) @executable_path/Frameworks @loader_path/Frameworks";
				PRODUCT_NAME = "$(TARGET_NAME)";
				TEST_HOST = "$(BUILT_PRODUCTS_DIR)/LessonPackPro.app/LessonPackPro";
			};
			name = Debug;
		};
		34E5E7371ABABB7600AB4943 /* Release */ = {
			isa = XCBuildConfiguration;
			buildSettings = {
				BUNDLE_LOADER = "$(TEST_HOST)";
				FRAMEWORK_SEARCH_PATHS = (
					"$(SDKROOT)/Developer/Library/Frameworks",
					"$(inherited)",
				);
				INFOPLIST_FILE = LessonPackProTests/Info.plist;
				LD_RUNPATH_SEARCH_PATHS = "$(inherited) @executable_path/Frameworks @loader_path/Frameworks";
				PRODUCT_NAME = "$(TARGET_NAME)";
				TEST_HOST = "$(BUILT_PRODUCTS_DIR)/LessonPackPro.app/LessonPackPro";
			};
			name = Release;
		};
/* End XCBuildConfiguration section */

/* Begin XCConfigurationList section */
		34E5E7101ABABB7600AB4943 /* Build configuration list for PBXProject "LessonPackPro" */ = {
			isa = XCConfigurationList;
			buildConfigurations = (
				34E5E7301ABABB7600AB4943 /* Debug */,
				34E5E7311ABABB7600AB4943 /* Release */,
			);
			defaultConfigurationIsVisible = 0;
			defaultConfigurationName = Release;
		};
		34E5E7321ABABB7600AB4943 /* Build configuration list for PBXNativeTarget "LessonPackPro" */ = {
			isa = XCConfigurationList;
			buildConfigurations = (
				34E5E7331ABABB7600AB4943 /* Debug */,
				34E5E7341ABABB7600AB4943 /* Release */,
			);
			defaultConfigurationIsVisible = 0;
		};
		34E5E7351ABABB7600AB4943 /* Build configuration list for PBXNativeTarget "LessonPackProTests" */ = {
			isa = XCConfigurationList;
			buildConfigurations = (
				34E5E7361ABABB7600AB4943 /* Debug */,
				34E5E7371ABABB7600AB4943 /* Release */,
			);
			defaultConfigurationIsVisible = 0;
		};
/* End XCConfigurationList section */
	};
	rootObject = 34E5E70D1ABABB7600AB4943 /* Project object */;
}
